
Microsoft Visual Studio Solution File, Format Version 12.00
# Visual Studio Version 17
VisualStudioVersion = 17.14.36301.6 d17.14
MinimumVisualStudioVersion = 10.0.40219.1
Project("{888888A0-9F3D-457C-B088-3A5042F75D52}") = "Moutracker", "Moutracker.pyproj", "{F5CE0B72-7606-4AA8-9090-0E9C8411FF09}"
EndProject
Global
	GlobalSection(SolutionConfigurationPlatforms) = preSolution
		Debug|Any CPU = Debug|Any CPU
		Release|Any CPU = Release|Any CPU
	EndGlobalSection
	GlobalSection(ProjectConfigurationPlatforms) = postSolution
		{F5CE0B72-7606-4AA8-9090-0E9C8411FF09}.Debug|Any CPU.ActiveCfg = Debug|Any CPU
		{F5CE0B72-7606-4AA8-9090-0E9C8411FF09}.Release|Any CPU.ActiveCfg = Release|Any CPU
	EndGlobalSection
	GlobalSection(SolutionProperties) = preSolution
		HideSolutionNode = FALSE
	EndGlobalSection
	GlobalSection(ExtensibilityGlobals) = postSolution
		SolutionGuid = {8CE3979E-1572-4E07-A095-1F4128B15560}
	EndGlobalSection
EndGlobal
